
Microsoft Visual Studio Solution File, Format Version 12.00
# Visual Studio Version 16
VisualStudioVersion = 16.0.29911.84
MinimumVisualStudioVersion = 10.0.40219.1
Project("{9A19103F-16F7-4668-BE54-9A1E7A4F7556}") = "SportoKluboApp", "SportoKluboApp\SportoKluboApp.csproj", "{775F441C-AC9A-4111-B20C-721AC14AED19}"
EndProject
Global
	GlobalSection(SolutionConfigurationPlatforms) = preSolution
		Debug|Any CPU = Debug|Any CPU
		Release|Any CPU = Release|Any CPU
	EndGlobalSection
	GlobalSection(ProjectConfigurationPlatforms) = postSolution
		{775F441C-AC9A-4111-B20C-721AC14AED19}.Debug|Any CPU.ActiveCfg = Debug|Any CPU
		{775F441C-AC9A-4111-B20C-721AC14AED19}.Debug|Any CPU.Build.0 = Debug|Any CPU
		{775F441C-AC9A-4111-B20C-721AC14AED19}.Release|Any CPU.ActiveCfg = Release|Any CPU
		{775F441C-AC9A-4111-B20C-721AC14AED19}.Release|Any CPU.Build.0 = Release|Any CPU
	EndGlobalSection
	GlobalSection(SolutionProperties) = preSolution
		HideSolutionNode = FALSE
	EndGlobalSection
	GlobalSection(ExtensibilityGlobals) = postSolution
		SolutionGuid = {48CC70C6-9452-4A12-8899-94626AA410D4}
	EndGlobalSection
EndGlobal
